### YamlMime:ManagedReference
items:
- uid: Yort.AfterPay.InStore.IAfterPaySystemClock
  commentId: T:Yort.AfterPay.InStore.IAfterPaySystemClock
  id: IAfterPaySystemClock
  parent: Yort.AfterPay.InStore
  children:
  - Yort.AfterPay.InStore.IAfterPaySystemClock.Now
  langs:
  - csharp
  - vb
  name: IAfterPaySystemClock
  nameWithType: IAfterPaySystemClock
  fullName: Yort.AfterPay.InStore.IAfterPaySystemClock
  type: Interface
  source:
    id: IAfterPaySystemClock
    path: ''
    startLine: 2052
  assemblies:
  - cs.temp.dll
  namespace: Yort.AfterPay.InStore
  summary: "\nInterface for components that can return the current date and time.\n"
  example: []
  syntax:
    content: public interface IAfterPaySystemClock
    content.vb: Public Interface IAfterPaySystemClock
  see:
  - linkId: Yort.AfterPay.InStore.AfterPaySystemClock
    commentId: T:Yort.AfterPay.InStore.AfterPaySystemClock
  modifiers.csharp:
  - public
  - interface
  modifiers.vb:
  - Public
  - Interface
- uid: Yort.AfterPay.InStore.IAfterPaySystemClock.Now
  commentId: P:Yort.AfterPay.InStore.IAfterPaySystemClock.Now
  id: Now
  parent: Yort.AfterPay.InStore.IAfterPaySystemClock
  langs:
  - csharp
  - vb
  name: Now
  nameWithType: IAfterPaySystemClock.Now
  fullName: Yort.AfterPay.InStore.IAfterPaySystemClock.Now
  type: Property
  source:
    id: Now
    path: ''
    startLine: 2057
  assemblies:
  - cs.temp.dll
  namespace: Yort.AfterPay.InStore
  summary: "\nReturns the current date and time as a <see cref=\"!:DateTimeOffset\"></see> value.\n"
  example: []
  syntax:
    content: DateTimeOffset Now { get; }
    parameters: []
    return:
      type: DateTimeOffset
    content.vb: ReadOnly Property Now As DateTimeOffset
  overload: Yort.AfterPay.InStore.IAfterPaySystemClock.Now*
  modifiers.csharp:
  - get
  modifiers.vb:
  - ReadOnly
references:
- uid: Yort.AfterPay.InStore.AfterPaySystemClock
  commentId: T:Yort.AfterPay.InStore.AfterPaySystemClock
  parent: Yort.AfterPay.InStore
  isExternal: false
  name: AfterPaySystemClock
  nameWithType: AfterPaySystemClock
  fullName: Yort.AfterPay.InStore.AfterPaySystemClock
- uid: Yort.AfterPay.InStore
  commentId: N:Yort.AfterPay.InStore
  isExternal: false
  name: Yort.AfterPay.InStore
  nameWithType: Yort.AfterPay.InStore
  fullName: Yort.AfterPay.InStore
- uid: Yort.AfterPay.InStore.IAfterPaySystemClock.Now*
  commentId: Overload:Yort.AfterPay.InStore.IAfterPaySystemClock.Now
  isExternal: false
  name: Now
  nameWithType: IAfterPaySystemClock.Now
  fullName: Yort.AfterPay.InStore.IAfterPaySystemClock.Now
- uid: DateTimeOffset
  isExternal: true
  name: DateTimeOffset
  nameWithType: DateTimeOffset
  fullName: DateTimeOffset
