### YamlMime:ManagedReference
items:
- uid: Yort.AfterPay.InStore.AfterPaySystemClock
  commentId: T:Yort.AfterPay.InStore.AfterPaySystemClock
  id: AfterPaySystemClock
  parent: Yort.AfterPay.InStore
  children:
  - Yort.AfterPay.InStore.AfterPaySystemClock.DefaultInstance
  - Yort.AfterPay.InStore.AfterPaySystemClock.Now
  langs:
  - csharp
  - vb
  name: AfterPaySystemClock
  nameWithType: AfterPaySystemClock
  fullName: Yort.AfterPay.InStore.AfterPaySystemClock
  type: Class
  source:
    id: AfterPaySystemClock
    path: ''
    startLine: 1791
  assemblies:
  - cs.temp.dll
  namespace: Yort.AfterPay.InStore
  summary: "\nRepresents the default system clock used by the Yort.AfterPay.Instore library to retrieve the current date and time.\n"
  remarks: "\n<p>This implementation simply wraps the <see cref=\"!:DateTimeOffset.Now\"></see> property and relies on the underlying system clock for accuracy.</p>\n<p>This class has a private constructor and cannot be created by user code. To obtain and instance use the static <xref href=\"Yort.AfterPay.InStore.AfterPaySystemClock.DefaultInstance\" data-throw-if-not-resolved=\"false\"></xref> property.</p>\n"
  example: []
  syntax:
    content: 'public sealed class AfterPaySystemClock : IAfterPaySystemClock'
    content.vb: >-
      Public NotInheritable Class AfterPaySystemClock
          Implements IAfterPaySystemClock
  inheritance:
  - System.Object
  implements:
  - Yort.AfterPay.InStore.IAfterPaySystemClock
  inheritedMembers:
  - System.Object.ToString
  - System.Object.Equals(System.Object)
  - System.Object.Equals(System.Object,System.Object)
  - System.Object.ReferenceEquals(System.Object,System.Object)
  - System.Object.GetHashCode
  - System.Object.GetType
  - System.Object.MemberwiseClone
  modifiers.csharp:
  - public
  - sealed
  - class
  modifiers.vb:
  - Public
  - NotInheritable
  - Class
- uid: Yort.AfterPay.InStore.AfterPaySystemClock.Now
  commentId: P:Yort.AfterPay.InStore.AfterPaySystemClock.Now
  id: Now
  parent: Yort.AfterPay.InStore.AfterPaySystemClock
  langs:
  - csharp
  - vb
  name: Now
  nameWithType: AfterPaySystemClock.Now
  fullName: Yort.AfterPay.InStore.AfterPaySystemClock.Now
  type: Property
  source:
    id: Now
    path: ''
    startLine: 1804
  assemblies:
  - cs.temp.dll
  namespace: Yort.AfterPay.InStore
  summary: "\nReturns the current date and time from the system clock.\n"
  example: []
  syntax:
    content: public DateTimeOffset Now { get; }
    parameters: []
    return:
      type: DateTimeOffset
    content.vb: Public ReadOnly Property Now As DateTimeOffset
  overload: Yort.AfterPay.InStore.AfterPaySystemClock.Now*
  see:
  - linkId: System.DateTimeOffset.Now
    commentId: P:System.DateTimeOffset.Now
  implements:
  - Yort.AfterPay.InStore.IAfterPaySystemClock.Now
  modifiers.csharp:
  - public
  - get
  modifiers.vb:
  - Public
  - ReadOnly
- uid: Yort.AfterPay.InStore.AfterPaySystemClock.DefaultInstance
  commentId: P:Yort.AfterPay.InStore.AfterPaySystemClock.DefaultInstance
  id: DefaultInstance
  parent: Yort.AfterPay.InStore.AfterPaySystemClock
  langs:
  - csharp
  - vb
  name: DefaultInstance
  nameWithType: AfterPaySystemClock.DefaultInstance
  fullName: Yort.AfterPay.InStore.AfterPaySystemClock.DefaultInstance
  type: Property
  source:
    id: DefaultInstance
    path: ''
    startLine: 1823
  assemblies:
  - cs.temp.dll
  namespace: Yort.AfterPay.InStore
  summary: "\nReturns an instance of this clock.\n"
  remarks: "\n<p>The instance returned by this method is cached after the first call to reduce allocations, so all subsquent calls will receive the same shared instance. \nHowever the property is not thread-safe and two threads calling the method simultanously for the first time may receive different instances. \nThis should not cause a problem as clients should not (and are instructed not to) compare instances or rely on shared instances.</p>\n"
  example: []
  syntax:
    content: public static AfterPaySystemClock DefaultInstance { get; }
    parameters: []
    return:
      type: Yort.AfterPay.InStore.AfterPaySystemClock
    content.vb: Public Shared ReadOnly Property DefaultInstance As AfterPaySystemClock
  overload: Yort.AfterPay.InStore.AfterPaySystemClock.DefaultInstance*
  modifiers.csharp:
  - public
  - static
  - get
  modifiers.vb:
  - Public
  - Shared
  - ReadOnly
references:
- uid: Yort.AfterPay.InStore.AfterPaySystemClock.DefaultInstance
  commentId: P:Yort.AfterPay.InStore.AfterPaySystemClock.DefaultInstance
- uid: Yort.AfterPay.InStore
  commentId: N:Yort.AfterPay.InStore
  isExternal: false
  name: Yort.AfterPay.InStore
  nameWithType: Yort.AfterPay.InStore
  fullName: Yort.AfterPay.InStore
- uid: System.Object
  commentId: T:System.Object
  parent: System
  isExternal: true
  name: Object
  nameWithType: Object
  fullName: System.Object
- uid: Yort.AfterPay.InStore.IAfterPaySystemClock
  commentId: T:Yort.AfterPay.InStore.IAfterPaySystemClock
  parent: Yort.AfterPay.InStore
  isExternal: false
  name: IAfterPaySystemClock
  nameWithType: IAfterPaySystemClock
  fullName: Yort.AfterPay.InStore.IAfterPaySystemClock
- uid: System.Object.ToString
  commentId: M:System.Object.ToString
  parent: System.Object
  isExternal: true
  name: ToString()
  nameWithType: Object.ToString()
  fullName: System.Object.ToString()
  spec.csharp:
  - uid: System.Object.ToString
    name: ToString
    nameWithType: Object.ToString
    fullName: System.Object.ToString
    isExternal: true
  - name: (
    nameWithType: (
    fullName: (
  - name: )
    nameWithType: )
    fullName: )
  spec.vb:
  - uid: System.Object.ToString
    name: ToString
    nameWithType: Object.ToString
    fullName: System.Object.ToString
    isExternal: true
  - name: (
    nameWithType: (
    fullName: (
  - name: )
    nameWithType: )
    fullName: )
- uid: System.Object.Equals(System.Object)
  commentId: M:System.Object.Equals(System.Object)
  parent: System.Object
  isExternal: true
  name: Equals(Object)
  nameWithType: Object.Equals(Object)
  fullName: System.Object.Equals(System.Object)
  spec.csharp:
  - uid: System.Object.Equals(System.Object)
    name: Equals
    nameWithType: Object.Equals
    fullName: System.Object.Equals
    isExternal: true
  - name: (
    nameWithType: (
    fullName: (
  - uid: System.Object
    name: Object
    nameWithType: Object
    fullName: System.Object
    isExternal: true
  - name: )
    nameWithType: )
    fullName: )
  spec.vb:
  - uid: System.Object.Equals(System.Object)
    name: Equals
    nameWithType: Object.Equals
    fullName: System.Object.Equals
    isExternal: true
  - name: (
    nameWithType: (
    fullName: (
  - uid: System.Object
    name: Object
    nameWithType: Object
    fullName: System.Object
    isExternal: true
  - name: )
    nameWithType: )
    fullName: )
- uid: System.Object.Equals(System.Object,System.Object)
  commentId: M:System.Object.Equals(System.Object,System.Object)
  parent: System.Object
  isExternal: true
  name: Equals(Object, Object)
  nameWithType: Object.Equals(Object, Object)
  fullName: System.Object.Equals(System.Object, System.Object)
  spec.csharp:
  - uid: System.Object.Equals(System.Object,System.Object)
    name: Equals
    nameWithType: Object.Equals
    fullName: System.Object.Equals
    isExternal: true
  - name: (
    nameWithType: (
    fullName: (
  - uid: System.Object
    name: Object
    nameWithType: Object
    fullName: System.Object
    isExternal: true
  - name: ', '
    nameWithType: ', '
    fullName: ', '
  - uid: System.Object
    name: Object
    nameWithType: Object
    fullName: System.Object
    isExternal: true
  - name: )
    nameWithType: )
    fullName: )
  spec.vb:
  - uid: System.Object.Equals(System.Object,System.Object)
    name: Equals
    nameWithType: Object.Equals
    fullName: System.Object.Equals
    isExternal: true
  - name: (
    nameWithType: (
    fullName: (
  - uid: System.Object
    name: Object
    nameWithType: Object
    fullName: System.Object
    isExternal: true
  - name: ', '
    nameWithType: ', '
    fullName: ', '
  - uid: System.Object
    name: Object
    nameWithType: Object
    fullName: System.Object
    isExternal: true
  - name: )
    nameWithType: )
    fullName: )
- uid: System.Object.ReferenceEquals(System.Object,System.Object)
  commentId: M:System.Object.ReferenceEquals(System.Object,System.Object)
  parent: System.Object
  isExternal: true
  name: ReferenceEquals(Object, Object)
  nameWithType: Object.ReferenceEquals(Object, Object)
  fullName: System.Object.ReferenceEquals(System.Object, System.Object)
  spec.csharp:
  - uid: System.Object.ReferenceEquals(System.Object,System.Object)
    name: ReferenceEquals
    nameWithType: Object.ReferenceEquals
    fullName: System.Object.ReferenceEquals
    isExternal: true
  - name: (
    nameWithType: (
    fullName: (
  - uid: System.Object
    name: Object
    nameWithType: Object
    fullName: System.Object
    isExternal: true
  - name: ', '
    nameWithType: ', '
    fullName: ', '
  - uid: System.Object
    name: Object
    nameWithType: Object
    fullName: System.Object
    isExternal: true
  - name: )
    nameWithType: )
    fullName: )
  spec.vb:
  - uid: System.Object.ReferenceEquals(System.Object,System.Object)
    name: ReferenceEquals
    nameWithType: Object.ReferenceEquals
    fullName: System.Object.ReferenceEquals
    isExternal: true
  - name: (
    nameWithType: (
    fullName: (
  - uid: System.Object
    name: Object
    nameWithType: Object
    fullName: System.Object
    isExternal: true
  - name: ', '
    nameWithType: ', '
    fullName: ', '
  - uid: System.Object
    name: Object
    nameWithType: Object
    fullName: System.Object
    isExternal: true
  - name: )
    nameWithType: )
    fullName: )
- uid: System.Object.GetHashCode
  commentId: M:System.Object.GetHashCode
  parent: System.Object
  isExternal: true
  name: GetHashCode()
  nameWithType: Object.GetHashCode()
  fullName: System.Object.GetHashCode()
  spec.csharp:
  - uid: System.Object.GetHashCode
    name: GetHashCode
    nameWithType: Object.GetHashCode
    fullName: System.Object.GetHashCode
    isExternal: true
  - name: (
    nameWithType: (
    fullName: (
  - name: )
    nameWithType: )
    fullName: )
  spec.vb:
  - uid: System.Object.GetHashCode
    name: GetHashCode
    nameWithType: Object.GetHashCode
    fullName: System.Object.GetHashCode
    isExternal: true
  - name: (
    nameWithType: (
    fullName: (
  - name: )
    nameWithType: )
    fullName: )
- uid: System.Object.GetType
  commentId: M:System.Object.GetType
  parent: System.Object
  isExternal: true
  name: GetType()
  nameWithType: Object.GetType()
  fullName: System.Object.GetType()
  spec.csharp:
  - uid: System.Object.GetType
    name: GetType
    nameWithType: Object.GetType
    fullName: System.Object.GetType
    isExternal: true
  - name: (
    nameWithType: (
    fullName: (
  - name: )
    nameWithType: )
    fullName: )
  spec.vb:
  - uid: System.Object.GetType
    name: GetType
    nameWithType: Object.GetType
    fullName: System.Object.GetType
    isExternal: true
  - name: (
    nameWithType: (
    fullName: (
  - name: )
    nameWithType: )
    fullName: )
- uid: System.Object.MemberwiseClone
  commentId: M:System.Object.MemberwiseClone
  parent: System.Object
  isExternal: true
  name: MemberwiseClone()
  nameWithType: Object.MemberwiseClone()
  fullName: System.Object.MemberwiseClone()
  spec.csharp:
  - uid: System.Object.MemberwiseClone
    name: MemberwiseClone
    nameWithType: Object.MemberwiseClone
    fullName: System.Object.MemberwiseClone
    isExternal: true
  - name: (
    nameWithType: (
    fullName: (
  - name: )
    nameWithType: )
    fullName: )
  spec.vb:
  - uid: System.Object.MemberwiseClone
    name: MemberwiseClone
    nameWithType: Object.MemberwiseClone
    fullName: System.Object.MemberwiseClone
    isExternal: true
  - name: (
    nameWithType: (
    fullName: (
  - name: )
    nameWithType: )
    fullName: )
- uid: System
  commentId: N:System
  isExternal: false
  name: System
  nameWithType: System
  fullName: System
- uid: System.DateTimeOffset.Now
  commentId: P:System.DateTimeOffset.Now
- uid: Yort.AfterPay.InStore.AfterPaySystemClock.Now*
  commentId: Overload:Yort.AfterPay.InStore.AfterPaySystemClock.Now
  isExternal: false
  name: Now
  nameWithType: AfterPaySystemClock.Now
  fullName: Yort.AfterPay.InStore.AfterPaySystemClock.Now
- uid: Yort.AfterPay.InStore.IAfterPaySystemClock.Now
  commentId: P:Yort.AfterPay.InStore.IAfterPaySystemClock.Now
  parent: Yort.AfterPay.InStore.IAfterPaySystemClock
  isExternal: false
  name: Now
  nameWithType: IAfterPaySystemClock.Now
  fullName: Yort.AfterPay.InStore.IAfterPaySystemClock.Now
- uid: DateTimeOffset
  isExternal: true
  name: DateTimeOffset
  nameWithType: DateTimeOffset
  fullName: DateTimeOffset
- uid: Yort.AfterPay.InStore.AfterPaySystemClock.DefaultInstance*
  commentId: Overload:Yort.AfterPay.InStore.AfterPaySystemClock.DefaultInstance
  isExternal: false
  name: DefaultInstance
  nameWithType: AfterPaySystemClock.DefaultInstance
  fullName: Yort.AfterPay.InStore.AfterPaySystemClock.DefaultInstance
- uid: Yort.AfterPay.InStore.AfterPaySystemClock
  commentId: T:Yort.AfterPay.InStore.AfterPaySystemClock
  parent: Yort.AfterPay.InStore
  isExternal: false
  name: AfterPaySystemClock
  nameWithType: AfterPaySystemClock
  fullName: Yort.AfterPay.InStore.AfterPaySystemClock
